<?xml version="1.0" encoding="utf-8"?>
<Project ToolsVersion="4.0" xmlns="http://schemas.microsoft.com/developer/msbuild/2003">
  <ItemGroup>
    <Filter Include="scene">
      <UniqueIdentifier>{a2dfc9b2-57e7-4a49-8e04-3df553e85dfa}</UniqueIdentifier>
    </Filter>
    <Filter Include="scripting">
      <UniqueIdentifier>{04a7733c-1925-40a6-a026-24ef9b8b9787}</UniqueIdentifier>
    </Filter>
    <Filter Include="util">
      <UniqueIdentifier>{6194e896-8495-40e7-b229-f257f61fdc02}</UniqueIdentifier>
    </Filter>
    <Filter Include="device">
      <UniqueIdentifier>{0437a42b-2d53-4be2-8d39-57b041abb6bc}</UniqueIdentifier>
    </Filter>
  </ItemGroup>
  <ItemGroup>
    <ClInclude Include="src\util\image.h">
      <Filter>util</Filter>
    </ClInclude>
    <ClInclude Include="src\util\ray.h">
      <Filter>util</Filter>
    </ClInclude>
    <ClInclude Include="src\util\render.h">
      <Filter>util</Filter>
    </ClInclude>
    <ClInclude Include="src\util\surface.h">
      <Filter>util</Filter>
    </ClInclude>
    <ClInclude Include="src\defaults.h" />
    <ClInclude Include="src\scripting.h" />
    <ClInclude Include="src\scripting\lua_extract.h">
      <Filter>scripting</Filter>
    </ClInclude>
    <ClInclude Include="src\scripting\lua_macros.h">
      <Filter>scripting</Filter>
    </ClInclude>
    <ClInclude Include="src\scene\metaobject.h">
      <Filter>scene</Filter>
    </ClInclude>
    <ClInclude Include="src\scene\objtypes.h">
      <Filter>scene</Filter>
    </ClInclude>
    <ClInclude Include="src\scene\sphere.h">
      <Filter>scene</Filter>
    </ClInclude>
    <ClInclude Include="src\host.h" />
    <ClInclude Include="src\device.h" />
    <ClInclude Include="src\util\traceparams.h">
      <Filter>util</Filter>
    </ClInclude>
    <ClInclude Include="src\device\raytrace.cu.h">
      <Filter>device</Filter>
    </ClInclude>
    <ClInclude Include="src\main.cu.h" />
    <ClInclude Include="src\util\camera.h">
      <Filter>util</Filter>
    </ClInclude>
    <ClInclude Include="src\util\vectors.h">
      <Filter>util</Filter>
    </ClInclude>
  </ItemGroup>
  <ItemGroup>
    <ClCompile Include="src\util\image.cpp">
      <Filter>util</Filter>
    </ClCompile>
    <ClCompile Include="src\scripting.cpp" />
    <ClCompile Include="src\scripting\lua_extract.cpp">
      <Filter>scripting</Filter>
    </ClCompile>
    <ClCompile Include="src\scripting\lua_macros.cpp">
      <Filter>scripting</Filter>
    </ClCompile>
    <ClCompile Include="src\host.cpp" />
    <ClCompile Include="src\device.cpp" />
  </ItemGroup>
  <ItemGroup>
    <CudaCompile Include="src\main.cu" />
    <CudaCompile Include="src\device\raytrace.cu">
      <Filter>device</Filter>
    </CudaCompile>
  </ItemGroup>
</Project>